
Microsoft Visual Studio Solution File, Format Version 12.00
# Visual Studio 15
VisualStudioVersion = 15.0.26124.0
MinimumVisualStudioVersion = 15.0.26124.0
Project("{FAE04EC0-301F-11D3-BF4B-00C04F79EFBC}") = "Shared.Messages", "Shared.Messages\Shared.Messages.csproj", "{D9AFA431-85D4-4DAC-869B-D968D5754DE6}"
EndProject
Project("{FAE04EC0-301F-11D3-BF4B-00C04F79EFBC}") = "Shared.SystemMessages", "Shared.SystemMessages\Shared.SystemMessages.csproj", "{B1674EA7-26C0-4FE4-AA58-BF3EE767F250}"
EndProject
Project("{FAE04EC0-301F-11D3-BF4B-00C04F79EFBC}") = "Common.Actors", "Common.Actors\Common.Actors.csproj", "{528BD46D-CF02-483E-9377-F7BA93AFAF7E}"
EndProject
Project("{FAE04EC0-301F-11D3-BF4B-00C04F79EFBC}") = "DispatcherService", "DispatcherService\DispatcherService.csproj", "{3B258A30-131A-4893-ACEE-371170465FB7}"
EndProject
Project("{FAE04EC0-301F-11D3-BF4B-00C04F79EFBC}") = "OrgService", "OrgService\OrgService.csproj", "{3CB21EB9-9D54-4736-9623-777F5E837FF9}"
EndProject
Project("{FAE04EC0-301F-11D3-BF4B-00C04F79EFBC}") = "ManageApp", "ManageApp\ManageApp.csproj", "{F18C6588-0DDC-42B0-998C-920199DE191D}"
EndProject
Global
	GlobalSection(SolutionConfigurationPlatforms) = preSolution
		Debug|Any CPU = Debug|Any CPU
		Debug|x64 = Debug|x64
		Debug|x86 = Debug|x86
		Release|Any CPU = Release|Any CPU
		Release|x64 = Release|x64
		Release|x86 = Release|x86
	EndGlobalSection
	GlobalSection(SolutionProperties) = preSolution
		HideSolutionNode = FALSE
	EndGlobalSection
	GlobalSection(ProjectConfigurationPlatforms) = postSolution
		{D9AFA431-85D4-4DAC-869B-D968D5754DE6}.Debug|Any CPU.ActiveCfg = Debug|Any CPU
		{D9AFA431-85D4-4DAC-869B-D968D5754DE6}.Debug|Any CPU.Build.0 = Debug|Any CPU
		{D9AFA431-85D4-4DAC-869B-D968D5754DE6}.Debug|x64.ActiveCfg = Debug|Any CPU
		{D9AFA431-85D4-4DAC-869B-D968D5754DE6}.Debug|x64.Build.0 = Debug|Any CPU
		{D9AFA431-85D4-4DAC-869B-D968D5754DE6}.Debug|x86.ActiveCfg = Debug|Any CPU
		{D9AFA431-85D4-4DAC-869B-D968D5754DE6}.Debug|x86.Build.0 = Debug|Any CPU
		{D9AFA431-85D4-4DAC-869B-D968D5754DE6}.Release|Any CPU.ActiveCfg = Release|Any CPU
		{D9AFA431-85D4-4DAC-869B-D968D5754DE6}.Release|Any CPU.Build.0 = Release|Any CPU
		{D9AFA431-85D4-4DAC-869B-D968D5754DE6}.Release|x64.ActiveCfg = Release|Any CPU
		{D9AFA431-85D4-4DAC-869B-D968D5754DE6}.Release|x64.Build.0 = Release|Any CPU
		{D9AFA431-85D4-4DAC-869B-D968D5754DE6}.Release|x86.ActiveCfg = Release|Any CPU
		{D9AFA431-85D4-4DAC-869B-D968D5754DE6}.Release|x86.Build.0 = Release|Any CPU
		{B1674EA7-26C0-4FE4-AA58-BF3EE767F250}.Debug|Any CPU.ActiveCfg = Debug|Any CPU
		{B1674EA7-26C0-4FE4-AA58-BF3EE767F250}.Debug|Any CPU.Build.0 = Debug|Any CPU
		{B1674EA7-26C0-4FE4-AA58-BF3EE767F250}.Debug|x64.ActiveCfg = Debug|Any CPU
		{B1674EA7-26C0-4FE4-AA58-BF3EE767F250}.Debug|x64.Build.0 = Debug|Any CPU
		{B1674EA7-26C0-4FE4-AA58-BF3EE767F250}.Debug|x86.ActiveCfg = Debug|Any CPU
		{B1674EA7-26C0-4FE4-AA58-BF3EE767F250}.Debug|x86.Build.0 = Debug|Any CPU
		{B1674EA7-26C0-4FE4-AA58-BF3EE767F250}.Release|Any CPU.ActiveCfg = Release|Any CPU
		{B1674EA7-26C0-4FE4-AA58-BF3EE767F250}.Release|Any CPU.Build.0 = Release|Any CPU
		{B1674EA7-26C0-4FE4-AA58-BF3EE767F250}.Release|x64.ActiveCfg = Release|Any CPU
		{B1674EA7-26C0-4FE4-AA58-BF3EE767F250}.Release|x64.Build.0 = Release|Any CPU
		{B1674EA7-26C0-4FE4-AA58-BF3EE767F250}.Release|x86.ActiveCfg = Release|Any CPU
		{B1674EA7-26C0-4FE4-AA58-BF3EE767F250}.Release|x86.Build.0 = Release|Any CPU
		{528BD46D-CF02-483E-9377-F7BA93AFAF7E}.Debug|Any CPU.ActiveCfg = Debug|Any CPU
		{528BD46D-CF02-483E-9377-F7BA93AFAF7E}.Debug|Any CPU.Build.0 = Debug|Any CPU
		{528BD46D-CF02-483E-9377-F7BA93AFAF7E}.Debug|x64.ActiveCfg = Debug|Any CPU
		{528BD46D-CF02-483E-9377-F7BA93AFAF7E}.Debug|x64.Build.0 = Debug|Any CPU
		{528BD46D-CF02-483E-9377-F7BA93AFAF7E}.Debug|x86.ActiveCfg = Debug|Any CPU
		{528BD46D-CF02-483E-9377-F7BA93AFAF7E}.Debug|x86.Build.0 = Debug|Any CPU
		{528BD46D-CF02-483E-9377-F7BA93AFAF7E}.Release|Any CPU.ActiveCfg = Release|Any CPU
		{528BD46D-CF02-483E-9377-F7BA93AFAF7E}.Release|Any CPU.Build.0 = Release|Any CPU
		{528BD46D-CF02-483E-9377-F7BA93AFAF7E}.Release|x64.ActiveCfg = Release|Any CPU
		{528BD46D-CF02-483E-9377-F7BA93AFAF7E}.Release|x64.Build.0 = Release|Any CPU
		{528BD46D-CF02-483E-9377-F7BA93AFAF7E}.Release|x86.ActiveCfg = Release|Any CPU
		{528BD46D-CF02-483E-9377-F7BA93AFAF7E}.Release|x86.Build.0 = Release|Any CPU
		{3B258A30-131A-4893-ACEE-371170465FB7}.Debug|Any CPU.ActiveCfg = Debug|Any CPU
		{3B258A30-131A-4893-ACEE-371170465FB7}.Debug|Any CPU.Build.0 = Debug|Any CPU
		{3B258A30-131A-4893-ACEE-371170465FB7}.Debug|x64.ActiveCfg = Debug|Any CPU
		{3B258A30-131A-4893-ACEE-371170465FB7}.Debug|x64.Build.0 = Debug|Any CPU
		{3B258A30-131A-4893-ACEE-371170465FB7}.Debug|x86.ActiveCfg = Debug|Any CPU
		{3B258A30-131A-4893-ACEE-371170465FB7}.Debug|x86.Build.0 = Debug|Any CPU
		{3B258A30-131A-4893-ACEE-371170465FB7}.Release|Any CPU.ActiveCfg = Release|Any CPU
		{3B258A30-131A-4893-ACEE-371170465FB7}.Release|Any CPU.Build.0 = Release|Any CPU
		{3B258A30-131A-4893-ACEE-371170465FB7}.Release|x64.ActiveCfg = Release|Any CPU
		{3B258A30-131A-4893-ACEE-371170465FB7}.Release|x64.Build.0 = Release|Any CPU
		{3B258A30-131A-4893-ACEE-371170465FB7}.Release|x86.ActiveCfg = Release|Any CPU
		{3B258A30-131A-4893-ACEE-371170465FB7}.Release|x86.Build.0 = Release|Any CPU
		{3CB21EB9-9D54-4736-9623-777F5E837FF9}.Debug|Any CPU.ActiveCfg = Debug|Any CPU
		{3CB21EB9-9D54-4736-9623-777F5E837FF9}.Debug|Any CPU.Build.0 = Debug|Any CPU
		{3CB21EB9-9D54-4736-9623-777F5E837FF9}.Debug|x64.ActiveCfg = Debug|Any CPU
		{3CB21EB9-9D54-4736-9623-777F5E837FF9}.Debug|x64.Build.0 = Debug|Any CPU
		{3CB21EB9-9D54-4736-9623-777F5E837FF9}.Debug|x86.ActiveCfg = Debug|Any CPU
		{3CB21EB9-9D54-4736-9623-777F5E837FF9}.Debug|x86.Build.0 = Debug|Any CPU
		{3CB21EB9-9D54-4736-9623-777F5E837FF9}.Release|Any CPU.ActiveCfg = Release|Any CPU
		{3CB21EB9-9D54-4736-9623-777F5E837FF9}.Release|Any CPU.Build.0 = Release|Any CPU
		{3CB21EB9-9D54-4736-9623-777F5E837FF9}.Release|x64.ActiveCfg = Release|Any CPU
		{3CB21EB9-9D54-4736-9623-777F5E837FF9}.Release|x64.Build.0 = Release|Any CPU
		{3CB21EB9-9D54-4736-9623-777F5E837FF9}.Release|x86.ActiveCfg = Release|Any CPU
		{3CB21EB9-9D54-4736-9623-777F5E837FF9}.Release|x86.Build.0 = Release|Any CPU
		{F18C6588-0DDC-42B0-998C-920199DE191D}.Debug|Any CPU.ActiveCfg = Debug|Any CPU
		{F18C6588-0DDC-42B0-998C-920199DE191D}.Debug|Any CPU.Build.0 = Debug|Any CPU
		{F18C6588-0DDC-42B0-998C-920199DE191D}.Debug|x64.ActiveCfg = Debug|Any CPU
		{F18C6588-0DDC-42B0-998C-920199DE191D}.Debug|x64.Build.0 = Debug|Any CPU
		{F18C6588-0DDC-42B0-998C-920199DE191D}.Debug|x86.ActiveCfg = Debug|Any CPU
		{F18C6588-0DDC-42B0-998C-920199DE191D}.Debug|x86.Build.0 = Debug|Any CPU
		{F18C6588-0DDC-42B0-998C-920199DE191D}.Release|Any CPU.ActiveCfg = Release|Any CPU
		{F18C6588-0DDC-42B0-998C-920199DE191D}.Release|Any CPU.Build.0 = Release|Any CPU
		{F18C6588-0DDC-42B0-998C-920199DE191D}.Release|x64.ActiveCfg = Release|Any CPU
		{F18C6588-0DDC-42B0-998C-920199DE191D}.Release|x64.Build.0 = Release|Any CPU
		{F18C6588-0DDC-42B0-998C-920199DE191D}.Release|x86.ActiveCfg = Release|Any CPU
		{F18C6588-0DDC-42B0-998C-920199DE191D}.Release|x86.Build.0 = Release|Any CPU
	EndGlobalSection
EndGlobal
